// !$*UTF8*$!
{
	archiveVersion = 1;
	classes = {
	};
	objectVersion = 50;
	objects = {

/* Begin PBXBuildFile section */
		D14BF8F522BEC28A00E214FD /* AppDelegate.swift in Sources */ = {isa = PBXBuildFile; fileRef = D14BF8F422BEC28A00E214FD /* AppDelegate.swift */; };
		D14BF8F722BEC28A00E214FD /* LoginViewController.swift in Sources */ = {isa = PBXBuildFile; fileRef = D14BF8F622BEC28A00E214FD /* LoginViewController.swift */; };
		D14BF8FA22BEC28A00E214FD /* Main.storyboard in Resources */ = {isa = PBXBuildFile; fileRef = D14BF8F822BEC28A00E214FD /* Main.storyboard */; };
		D14BF8FC22BEC28C00E214FD /* Assets.xcassets in Resources */ = {isa = PBXBuildFile; fileRef = D14BF8FB22BEC28C00E214FD /* Assets.xcassets */; };
		D14BF93122BF1F1100E214FD /* RxBlocking.framework in Frameworks */ = {isa = PBXBuildFile; fileRef = D14BF92322BF1F1000E214FD /* RxBlocking.framework */; };
		D14BF93222BF1F1100E214FD /* RxDataSources.framework in Frameworks */ = {isa = PBXBuildFile; fileRef = D14BF92422BF1F1000E214FD /* RxDataSources.framework */; };
		D14BF93322BF1F1100E214FD /* ReactiveMoya.framework in Frameworks */ = {isa = PBXBuildFile; fileRef = D14BF92522BF1F1000E214FD /* ReactiveMoya.framework */; };
		D14BF93422BF1F1100E214FD /* Alamofire.framework in Frameworks */ = {isa = PBXBuildFile; fileRef = D14BF92622BF1F1000E214FD /* Alamofire.framework */; };
		D14BF93522BF1F1100E214FD /* Differentiator.framework in Frameworks */ = {isa = PBXBuildFile; fileRef = D14BF92722BF1F1000E214FD /* Differentiator.framework */; };
		D14BF93622BF1F1100E214FD /* ReactiveSwift.framework in Frameworks */ = {isa = PBXBuildFile; fileRef = D14BF92822BF1F1100E214FD /* ReactiveSwift.framework */; };
		D14BF93722BF1F1100E214FD /* RxAtomic.framework in Frameworks */ = {isa = PBXBuildFile; fileRef = D14BF92922BF1F1100E214FD /* RxAtomic.framework */; };
		D14BF93822BF1F1100E214FD /* RxCocoa.framework in Frameworks */ = {isa = PBXBuildFile; fileRef = D14BF92A22BF1F1100E214FD /* RxCocoa.framework */; };
		D14BF93922BF1F1100E214FD /* RxSwift.framework in Frameworks */ = {isa = PBXBuildFile; fileRef = D14BF92B22BF1F1100E214FD /* RxSwift.framework */; };
		D14BF93A22BF1F1100E214FD /* RxMoya.framework in Frameworks */ = {isa = PBXBuildFile; fileRef = D14BF92C22BF1F1100E214FD /* RxMoya.framework */; };
		D14BF93C22BF1F1100E214FD /* Moya.framework in Frameworks */ = {isa = PBXBuildFile; fileRef = D14BF92E22BF1F1100E214FD /* Moya.framework */; };
		D14BF93D22BF1F1100E214FD /* Result.framework in Frameworks */ = {isa = PBXBuildFile; fileRef = D14BF92F22BF1F1100E214FD /* Result.framework */; };
		D14BF93E22BF1F1100E214FD /* SwiftyBeaver.framework in Frameworks */ = {isa = PBXBuildFile; fileRef = D14BF93022BF1F1100E214FD /* SwiftyBeaver.framework */; };
		D14BF94222BF90B000E214FD /* View.swift in Sources */ = {isa = PBXBuildFile; fileRef = D14BF94122BF90B000E214FD /* View.swift */; };
		D14BF94522BF9D5700E214FD /* Movie.swift in Sources */ = {isa = PBXBuildFile; fileRef = D14BF94422BF9D5700E214FD /* Movie.swift */; };
		D14BF94B22BFB5AF00E214FD /* MovieApi.swift in Sources */ = {isa = PBXBuildFile; fileRef = D14BF94A22BFB5AF00E214FD /* MovieApi.swift */; };
		D14BF94E22BFB88A00E214FD /* Trendings.json in Resources */ = {isa = PBXBuildFile; fileRef = D14BF94D22BFB88A00E214FD /* Trendings.json */; };
		D14BF95022BFC46F00E214FD /* MovieRepository.swift in Sources */ = {isa = PBXBuildFile; fileRef = D14BF94F22BFC46F00E214FD /* MovieRepository.swift */; };
		D14BF95222BFE08D00E214FD /* MovieListViewController.swift in Sources */ = {isa = PBXBuildFile; fileRef = D14BF95122BFE08D00E214FD /* MovieListViewController.swift */; };
		D14BF95422BFE0A900E214FD /* MovieDetailViewController.swift in Sources */ = {isa = PBXBuildFile; fileRef = D14BF95322BFE0A900E214FD /* MovieDetailViewController.swift */; };
		D14BF95A22BFE4CA00E214FD /* MovieTableViewCell.swift in Sources */ = {isa = PBXBuildFile; fileRef = D14BF95922BFE4CA00E214FD /* MovieTableViewCell.swift */; };
		D14BF95E22BFFA7000E214FD /* MovieTableViewCell.xib in Resources */ = {isa = PBXBuildFile; fileRef = D14BF95D22BFFA7000E214FD /* MovieTableViewCell.xib */; };
		D14BF96122C01A6F00E214FD /* PINCache.framework in Frameworks */ = {isa = PBXBuildFile; fileRef = D14BF95F22C01A6F00E214FD /* PINCache.framework */; };
		D14BF96222C01A6F00E214FD /* PINRemoteImage.framework in Frameworks */ = {isa = PBXBuildFile; fileRef = D14BF96022C01A6F00E214FD /* PINRemoteImage.framework */; };
/* End PBXBuildFile section */

/* Begin PBXFileReference section */
		D14BF8F122BEC28A00E214FD /* TemplateApp.app */ = {isa = PBXFileReference; explicitFileType = wrapper.application; includeInIndex = 0; path = TemplateApp.app; sourceTree = BUILT_PRODUCTS_DIR; };
		D14BF8F422BEC28A00E214FD /* AppDelegate.swift */ = {isa = PBXFileReference; lastKnownFileType = sourcecode.swift; path = AppDelegate.swift; sourceTree = "<group>"; };
		D14BF8F622BEC28A00E214FD /* LoginViewController.swift */ = {isa = PBXFileReference; lastKnownFileType = sourcecode.swift; path = LoginViewController.swift; sourceTree = "<group>"; };
		D14BF8F922BEC28A00E214FD /* Base */ = {isa = PBXFileReference; lastKnownFileType = file.storyboard; name = Base; path = Base.lproj/Main.storyboard; sourceTree = "<group>"; };
		D14BF8FB22BEC28C00E214FD /* Assets.xcassets */ = {isa = PBXFileReference; lastKnownFileType = folder.assetcatalog; path = Assets.xcassets; sourceTree = "<group>"; };
		D14BF90022BEC28C00E214FD /* Info.plist */ = {isa = PBXFileReference; lastKnownFileType = text.plist.xml; path = Info.plist; sourceTree = "<group>"; };
		D14BF92322BF1F1000E214FD /* RxBlocking.framework */ = {isa = PBXFileReference; lastKnownFileType = wrapper.framework; name = RxBlocking.framework; path = Carthage/Build/iOS/RxBlocking.framework; sourceTree = "<group>"; };
		D14BF92422BF1F1000E214FD /* RxDataSources.framework */ = {isa = PBXFileReference; lastKnownFileType = wrapper.framework; name = RxDataSources.framework; path = Carthage/Build/iOS/RxDataSources.framework; sourceTree = "<group>"; };
		D14BF92522BF1F1000E214FD /* ReactiveMoya.framework */ = {isa = PBXFileReference; lastKnownFileType = wrapper.framework; name = ReactiveMoya.framework; path = Carthage/Build/iOS/ReactiveMoya.framework; sourceTree = "<group>"; };
		D14BF92622BF1F1000E214FD /* Alamofire.framework */ = {isa = PBXFileReference; lastKnownFileType = wrapper.framework; name = Alamofire.framework; path = Carthage/Build/iOS/Alamofire.framework; sourceTree = "<group>"; };
		D14BF92722BF1F1000E214FD /* Differentiator.framework */ = {isa = PBXFileReference; lastKnownFileType = wrapper.framework; name = Differentiator.framework; path = Carthage/Build/iOS/Differentiator.framework; sourceTree = "<group>"; };
		D14BF92822BF1F1100E214FD /* ReactiveSwift.framework */ = {isa = PBXFileReference; lastKnownFileType = wrapper.framework; name = ReactiveSwift.framework; path = Carthage/Build/iOS/ReactiveSwift.framework; sourceTree = "<group>"; };
		D14BF92922BF1F1100E214FD /* RxAtomic.framework */ = {isa = PBXFileReference; lastKnownFileType = wrapper.framework; name = RxAtomic.framework; path = Carthage/Build/iOS/RxAtomic.framework; sourceTree = "<group>"; };
		D14BF92A22BF1F1100E214FD /* RxCocoa.framework */ = {isa = PBXFileReference; lastKnownFileType = wrapper.framework; name = RxCocoa.framework; path = Carthage/Build/iOS/RxCocoa.framework; sourceTree = "<group>"; };
		D14BF92B22BF1F1100E214FD /* RxSwift.framework */ = {isa = PBXFileReference; lastKnownFileType = wrapper.framework; name = RxSwift.framework; path = Carthage/Build/iOS/RxSwift.framework; sourceTree = "<group>"; };
		D14BF92C22BF1F1100E214FD /* RxMoya.framework */ = {isa = PBXFileReference; lastKnownFileType = wrapper.framework; name = RxMoya.framework; path = Carthage/Build/iOS/RxMoya.framework; sourceTree = "<group>"; };
		D14BF92E22BF1F1100E214FD /* Moya.framework */ = {isa = PBXFileReference; lastKnownFileType = wrapper.framework; name = Moya.framework; path = Carthage/Build/iOS/Moya.framework; sourceTree = "<group>"; };
		D14BF92F22BF1F1100E214FD /* Result.framework */ = {isa = PBXFileReference; lastKnownFileType = wrapper.framework; name = Result.framework; path = Carthage/Build/iOS/Result.framework; sourceTree = "<group>"; };
		D14BF93022BF1F1100E214FD /* SwiftyBeaver.framework */ = {isa = PBXFileReference; lastKnownFileType = wrapper.framework; name = SwiftyBeaver.framework; path = Carthage/Build/iOS/SwiftyBeaver.framework; sourceTree = "<group>"; };
		D14BF94122BF90B000E214FD /* View.swift */ = {isa = PBXFileReference; lastKnownFileType = sourcecode.swift; path = View.swift; sourceTree = "<group>"; };
		D14BF94422BF9D5700E214FD /* Movie.swift */ = {isa = PBXFileReference; lastKnownFileType = sourcecode.swift; path = Movie.swift; sourceTree = "<group>"; };
		D14BF94A22BFB5AF00E214FD /* MovieApi.swift */ = {isa = PBXFileReference; lastKnownFileType = sourcecode.swift; path = MovieApi.swift; sourceTree = "<group>"; };
		D14BF94D22BFB88A00E214FD /* Trendings.json */ = {isa = PBXFileReference; lastKnownFileType = text.json; path = Trendings.json; sourceTree = "<group>"; };
		D14BF94F22BFC46F00E214FD /* MovieRepository.swift */ = {isa = PBXFileReference; lastKnownFileType = sourcecode.swift; path = MovieRepository.swift; sourceTree = "<group>"; };
		D14BF95122BFE08D00E214FD /* MovieListViewController.swift */ = {isa = PBXFileReference; lastKnownFileType = sourcecode.swift; path = MovieListViewController.swift; sourceTree = "<group>"; };
		D14BF95322BFE0A900E214FD /* MovieDetailViewController.swift */ = {isa = PBXFileReference; lastKnownFileType = sourcecode.swift; path = MovieDetailViewController.swift; sourceTree = "<group>"; };
		D14BF95922BFE4CA00E214FD /* MovieTableViewCell.swift */ = {isa = PBXFileReference; lastKnownFileType = sourcecode.swift; path = MovieTableViewCell.swift; sourceTree = "<group>"; };
		D14BF95D22BFFA7000E214FD /* MovieTableViewCell.xib */ = {isa = PBXFileReference; lastKnownFileType = file.xib; path = MovieTableViewCell.xib; sourceTree = "<group>"; };
		D14BF95F22C01A6F00E214FD /* PINCache.framework */ = {isa = PBXFileReference; lastKnownFileType = wrapper.framework; name = PINCache.framework; path = Carthage/Build/iOS/PINCache.framework; sourceTree = "<group>"; };
		D14BF96022C01A6F00E214FD /* PINRemoteImage.framework */ = {isa = PBXFileReference; lastKnownFileType = wrapper.framework; name = PINRemoteImage.framework; path = Carthage/Build/iOS/PINRemoteImage.framework; sourceTree = "<group>"; };
/* End PBXFileReference section */

/* Begin PBXFrameworksBuildPhase section */
		D14BF8EE22BEC28A00E214FD /* Frameworks */ = {
			isa = PBXFrameworksBuildPhase;
			buildActionMask = 2147483647;
			files = (
				D14BF93122BF1F1100E214FD /* RxBlocking.framework in Frameworks */,
				D14BF93222BF1F1100E214FD /* RxDataSources.framework in Frameworks */,
				D14BF93322BF1F1100E214FD /* ReactiveMoya.framework in Frameworks */,
				D14BF93422BF1F1100E214FD /* Alamofire.framework in Frameworks */,
				D14BF93522BF1F1100E214FD /* Differentiator.framework in Frameworks */,
				D14BF93622BF1F1100E214FD /* ReactiveSwift.framework in Frameworks */,
				D14BF93722BF1F1100E214FD /* RxAtomic.framework in Frameworks */,
				D14BF96122C01A6F00E214FD /* PINCache.framework in Frameworks */,
				D14BF96222C01A6F00E214FD /* PINRemoteImage.framework in Frameworks */,
				D14BF93822BF1F1100E214FD /* RxCocoa.framework in Frameworks */,
				D14BF93922BF1F1100E214FD /* RxSwift.framework in Frameworks */,
				D14BF93A22BF1F1100E214FD /* RxMoya.framework in Frameworks */,
				D14BF93C22BF1F1100E214FD /* Moya.framework in Frameworks */,
				D14BF93D22BF1F1100E214FD /* Result.framework in Frameworks */,
				D14BF93E22BF1F1100E214FD /* SwiftyBeaver.framework in Frameworks */,
			);
			runOnlyForDeploymentPostprocessing = 0;
		};
/* End PBXFrameworksBuildPhase section */

/* Begin PBXGroup section */
		D14BF8E822BEC28A00E214FD = {
			isa = PBXGroup;
			children = (
				D14BF8F322BEC28A00E214FD /* TemplateApp */,
				D14BF8F222BEC28A00E214FD /* Products */,
				D14BF92222BF1F1000E214FD /* Frameworks */,
			);
			sourceTree = "<group>";
		};
		D14BF8F222BEC28A00E214FD /* Products */ = {
			isa = PBXGroup;
			children = (
				D14BF8F122BEC28A00E214FD /* TemplateApp.app */,
			);
			name = Products;
			sourceTree = "<group>";
		};
		D14BF8F322BEC28A00E214FD /* TemplateApp */ = {
			isa = PBXGroup;
			children = (
				D14BF94922BFA79300E214FD /* Networking */,
				D14BF94822BFA78C00E214FD /* View */,
				D14BF94722BFA77B00E214FD /* ViewModel */,
				D14BF94622BFA76D00E214FD /* Repository */,
				D14BF94322BF9D2C00E214FD /* Model */,
				D14BF94022BF907A00E214FD /* Extensions */,
				D14BF8F422BEC28A00E214FD /* AppDelegate.swift */,
				D14BF8FB22BEC28C00E214FD /* Assets.xcassets */,
				D14BF90022BEC28C00E214FD /* Info.plist */,
			);
			path = TemplateApp;
			sourceTree = "<group>";
		};
		D14BF92222BF1F1000E214FD /* Frameworks */ = {
			isa = PBXGroup;
			children = (
				D14BF95F22C01A6F00E214FD /* PINCache.framework */,
				D14BF96022C01A6F00E214FD /* PINRemoteImage.framework */,
				D14BF92622BF1F1000E214FD /* Alamofire.framework */,
				D14BF92722BF1F1000E214FD /* Differentiator.framework */,
				D14BF92E22BF1F1100E214FD /* Moya.framework */,
				D14BF92522BF1F1000E214FD /* ReactiveMoya.framework */,
				D14BF92822BF1F1100E214FD /* ReactiveSwift.framework */,
				D14BF92F22BF1F1100E214FD /* Result.framework */,
				D14BF92922BF1F1100E214FD /* RxAtomic.framework */,
				D14BF92322BF1F1000E214FD /* RxBlocking.framework */,
				D14BF92A22BF1F1100E214FD /* RxCocoa.framework */,
				D14BF92422BF1F1000E214FD /* RxDataSources.framework */,
				D14BF92C22BF1F1100E214FD /* RxMoya.framework */,
				D14BF92B22BF1F1100E214FD /* RxSwift.framework */,
				D14BF93022BF1F1100E214FD /* SwiftyBeaver.framework */,
			);
			name = Frameworks;
			sourceTree = "<group>";
		};
		D14BF94022BF907A00E214FD /* Extensions */ = {
			isa = PBXGroup;
			children = (
				D14BF94122BF90B000E214FD /* View.swift */,
			);
			path = Extensions;
			sourceTree = "<group>";
		};
		D14BF94322BF9D2C00E214FD /* Model */ = {
			isa = PBXGroup;
			children = (
				D14BF94422BF9D5700E214FD /* Movie.swift */,
			);
			path = Model;
			sourceTree = "<group>";
		};
		D14BF94622BFA76D00E214FD /* Repository */ = {
			isa = PBXGroup;
			children = (
				D14BF94F22BFC46F00E214FD /* MovieRepository.swift */,
			);
			path = Repository;
			sourceTree = "<group>";
		};
		D14BF94722BFA77B00E214FD /* ViewModel */ = {
			isa = PBXGroup;
			children = (
			);
			path = ViewModel;
			sourceTree = "<group>";
		};
		D14BF94822BFA78C00E214FD /* View */ = {
			isa = PBXGroup;
			children = (
				D14BF8F822BEC28A00E214FD /* Main.storyboard */,
				D14BF8F622BEC28A00E214FD /* LoginViewController.swift */,
				D14BF95122BFE08D00E214FD /* MovieListViewController.swift */,
				D14BF95322BFE0A900E214FD /* MovieDetailViewController.swift */,
				D14BF95922BFE4CA00E214FD /* MovieTableViewCell.swift */,
				D14BF95D22BFFA7000E214FD /* MovieTableViewCell.xib */,
			);
			path = View;
			sourceTree = "<group>";
		};
		D14BF94922BFA79300E214FD /* Networking */ = {
			isa = PBXGroup;
			children = (
				D14BF94C22BFB83800E214FD /* StubbedResponses */,
				D14BF94A22BFB5AF00E214FD /* MovieApi.swift */,
			);
			path = Networking;
			sourceTree = "<group>";
		};
		D14BF94C22BFB83800E214FD /* StubbedResponses */ = {
			isa = PBXGroup;
			children = (
				D14BF94D22BFB88A00E214FD /* Trendings.json */,
			);
			path = StubbedResponses;
			sourceTree = "<group>";
		};
/* End PBXGroup section */

/* Begin PBXNativeTarget section */
		D14BF8F022BEC28A00E214FD /* TemplateApp */ = {
			isa = PBXNativeTarget;
			buildConfigurationList = D14BF91922BEC28D00E214FD /* Build configuration list for PBXNativeTarget "TemplateApp" */;
			buildPhases = (
				D14BF8ED22BEC28A00E214FD /* Sources */,
				D14BF8EE22BEC28A00E214FD /* Frameworks */,
				D14BF8EF22BEC28A00E214FD /* Resources */,
				D14BF93F22BF1FCB00E214FD /* ShellScript */,
			);
			buildRules = (
			);
			dependencies = (
			);
			name = TemplateApp;
			productName = TemplateApp;
			productReference = D14BF8F122BEC28A00E214FD /* TemplateApp.app */;
			productType = "com.apple.product-type.application";
		};
/* End PBXNativeTarget section */

/* Begin PBXProject section */
		D14BF8E922BEC28A00E214FD /* Project object */ = {
			isa = PBXProject;
			attributes = {
				LastSwiftUpdateCheck = 1020;
				LastUpgradeCheck = 1020;
				ORGANIZATIONNAME = Dov;
				TargetAttributes = {
					D14BF8F022BEC28A00E214FD = {
						CreatedOnToolsVersion = 10.2.1;
					};
				};
			};
			buildConfigurationList = D14BF8EC22BEC28A00E214FD /* Build configuration list for PBXProject "TemplateApp" */;
			compatibilityVersion = "Xcode 9.3";
			developmentRegion = en;
			hasScannedForEncodings = 0;
			knownRegions = (
				en,
				Base,
			);
			mainGroup = D14BF8E822BEC28A00E214FD;
			productRefGroup = D14BF8F222BEC28A00E214FD /* Products */;
			projectDirPath = "";
			projectRoot = "";
			targets = (
				D14BF8F022BEC28A00E214FD /* TemplateApp */,
			);
		};
/* End PBXProject section */

/* Begin PBXResourcesBuildPhase section */
		D14BF8EF22BEC28A00E214FD /* Resources */ = {
			isa = PBXResourcesBuildPhase;
			buildActionMask = 2147483647;
			files = (
				D14BF94E22BFB88A00E214FD /* Trendings.json in Resources */,
				D14BF95E22BFFA7000E214FD /* MovieTableViewCell.xib in Resources */,
				D14BF8FC22BEC28C00E214FD /* Assets.xcassets in Resources */,
				D14BF8FA22BEC28A00E214FD /* Main.storyboard in Resources */,
			);
			runOnlyForDeploymentPostprocessing = 0;
		};
/* End PBXResourcesBuildPhase section */

/* Begin PBXShellScriptBuildPhase section */
		D14BF93F22BF1FCB00E214FD /* ShellScript */ = {
			isa = PBXShellScriptBuildPhase;
			buildActionMask = 2147483647;
			files = (
			);
			inputFileListPaths = (
			);
			inputPaths = (
				"$(SRCROOT)/Carthage/Build/iOS/Alamofire.framework",
				"$(SRCROOT)/Carthage/Build/iOS/Differentiator.framework",
				"$(SRCROOT)/Carthage/Build/iOS/Moya.framework",
				"$(SRCROOT)/Carthage/Build/iOS/ReactiveMoya.framework",
				"$(SRCROOT)/Carthage/Build/iOS/ReactiveSwift.framework",
				"$(SRCROOT)/Carthage/Build/iOS/Result.framework",
				"$(SRCROOT)/Carthage/Build/iOS/RxAtomic.framework",
				"$(SRCROOT)/Carthage/Build/iOS/RxBlocking.framework",
				"$(SRCROOT)/Carthage/Build/iOS/RxCocoa.framework",
				"$(SRCROOT)/Carthage/Build/iOS/RxDataSources.framework",
				"$(SRCROOT)/Carthage/Build/iOS/RxMoya.framework",
				"$(SRCROOT)/Carthage/Build/iOS/RxSwift.framework",
				"$(SRCROOT)/Carthage/Build/iOS/SwiftyBeaver.framework",
				"$(SRCROOT)/Carthage/Build/iOS/PINCache.framework",
				"$(SRCROOT)/Carthage/Build/iOS/PINRemoteImage.framework",
			);
			outputFileListPaths = (
			);
			outputPaths = (
				"$(BUILT_PRODUCTS_DIR)/$(FRAMEWORKS_FOLDER_PATH)/Alamofire.framework",
				"$(BUILT_PRODUCTS_DIR)/$(FRAMEWORKS_FOLDER_PATH)/Differentiator.framework",
				"$(BUILT_PRODUCTS_DIR)/$(FRAMEWORKS_FOLDER_PATH)/Moya.framework",
				"$(BUILT_PRODUCTS_DIR)/$(FRAMEWORKS_FOLDER_PATH)/ReactiveMoya.framework",
				"$(BUILT_PRODUCTS_DIR)/$(FRAMEWORKS_FOLDER_PATH)/ReactiveSwift.framework",
				"$(BUILT_PRODUCTS_DIR)/$(FRAMEWORKS_FOLDER_PATH)/Result.framework",
				"$(BUILT_PRODUCTS_DIR)/$(FRAMEWORKS_FOLDER_PATH)/RxAtomic.framework",
				"$(BUILT_PRODUCTS_DIR)/$(FRAMEWORKS_FOLDER_PATH)/RxBlocking.framework",
				"$(BUILT_PRODUCTS_DIR)/$(FRAMEWORKS_FOLDER_PATH)/RxCocoa.framework",
				"$(BUILT_PRODUCTS_DIR)/$(FRAMEWORKS_FOLDER_PATH)/RxDataSources.framework",
				"$(BUILT_PRODUCTS_DIR)/$(FRAMEWORKS_FOLDER_PATH)/RxMoya.framework",
				"$(BUILT_PRODUCTS_DIR)/$(FRAMEWORKS_FOLDER_PATH)/RxSwift.framework",
				"$(BUILT_PRODUCTS_DIR)/$(FRAMEWORKS_FOLDER_PATH)/SwiftBeaver.framework",
				"$(BUILT_PRODUCTS_DIR)/$(FRAMEWORKS_FOLDER_PATH)/PINCache.framework",
				"$(BUILT_PRODUCTS_DIR)/$(FRAMEWORKS_FOLDER_PATH)/PINRemoteImage.framework",
			);
			runOnlyForDeploymentPostprocessing = 0;
			shellPath = /bin/sh;
			shellScript = "/usr/local/bin/carthage copy-frameworks\n";
		};
/* End PBXShellScriptBuildPhase section */

/* Begin PBXSourcesBuildPhase section */
		D14BF8ED22BEC28A00E214FD /* Sources */ = {
			isa = PBXSourcesBuildPhase;
			buildActionMask = 2147483647;
			files = (
				D14BF8F722BEC28A00E214FD /* LoginViewController.swift in Sources */,
				D14BF8F522BEC28A00E214FD /* AppDelegate.swift in Sources */,
				D14BF95A22BFE4CA00E214FD /* MovieTableViewCell.swift in Sources */,
				D14BF95022BFC46F00E214FD /* MovieRepository.swift in Sources */,
				D14BF94B22BFB5AF00E214FD /* MovieApi.swift in Sources */,
				D14BF95422BFE0A900E214FD /* MovieDetailViewController.swift in Sources */,
				D14BF95222BFE08D00E214FD /* MovieListViewController.swift in Sources */,
				D14BF94522BF9D5700E214FD /* Movie.swift in Sources */,
				D14BF94222BF90B000E214FD /* View.swift in Sources */,
			);
			runOnlyForDeploymentPostprocessing = 0;
		};
/* End PBXSourcesBuildPhase section */

/* Begin PBXVariantGroup section */
		D14BF8F822BEC28A00E214FD /* Main.storyboard */ = {
			isa = PBXVariantGroup;
			children = (
				D14BF8F922BEC28A00E214FD /* Base */,
			);
			name = Main.storyboard;
			sourceTree = "<group>";
		};
/* End PBXVariantGroup section */

/* Begin XCBuildConfiguration section */
		D14BF91722BEC28D00E214FD /* Debug */ = {
			isa = XCBuildConfiguration;
			buildSettings = {
				ALWAYS_SEARCH_USER_PATHS = NO;
				CLANG_ANALYZER_NONNULL = YES;
				CLANG_ANALYZER_NUMBER_OBJECT_CONVERSION = YES_AGGRESSIVE;
				CLANG_CXX_LANGUAGE_STANDARD = "gnu++14";
				CLANG_CXX_LIBRARY = "libc++";
				CLANG_ENABLE_MODULES = YES;
				CLANG_ENABLE_OBJC_ARC = YES;
				CLANG_ENABLE_OBJC_WEAK = YES;
				CLANG_WARN_BLOCK_CAPTURE_AUTORELEASING = YES;
				CLANG_WARN_BOOL_CONVERSION = YES;
				CLANG_WARN_COMMA = YES;
				CLANG_WARN_CONSTANT_CONVERSION = YES;
				CLANG_WARN_DEPRECATED_OBJC_IMPLEMENTATIONS = YES;
				CLANG_WARN_DIRECT_OBJC_ISA_USAGE = YES_ERROR;
				CLANG_WARN_DOCUMENTATION_COMMENTS = YES;
				CLANG_WARN_EMPTY_BODY = YES;
				CLANG_WARN_ENUM_CONVERSION = YES;
				CLANG_WARN_INFINITE_RECURSION = YES;
				CLANG_WARN_INT_CONVERSION = YES;
				CLANG_WARN_NON_LITERAL_NULL_CONVERSION = YES;
				CLANG_WARN_OBJC_IMPLICIT_RETAIN_SELF = YES;
				CLANG_WARN_OBJC_LITERAL_CONVERSION = YES;
				CLANG_WARN_OBJC_ROOT_CLASS = YES_ERROR;
				CLANG_WARN_RANGE_LOOP_ANALYSIS = YES;
				CLANG_WARN_STRICT_PROTOTYPES = YES;
				CLANG_WARN_SUSPICIOUS_MOVE = YES;
				CLANG_WARN_UNGUARDED_AVAILABILITY = YES_AGGRESSIVE;
				CLANG_WARN_UNREACHABLE_CODE = YES;
				CLANG_WARN__DUPLICATE_METHOD_MATCH = YES;
				CODE_SIGN_IDENTITY = "iPhone Developer";
				COPY_PHASE_STRIP = NO;
				DEBUG_INFORMATION_FORMAT = dwarf;
				ENABLE_STRICT_OBJC_MSGSEND = YES;
				ENABLE_TESTABILITY = YES;
				GCC_C_LANGUAGE_STANDARD = gnu11;
				GCC_DYNAMIC_NO_PIC = NO;
				GCC_NO_COMMON_BLOCKS = YES;
				GCC_OPTIMIZATION_LEVEL = 0;
				GCC_PREPROCESSOR_DEFINITIONS = (
					"DEBUG=1",
					"$(inherited)",
				);
				GCC_WARN_64_TO_32_BIT_CONVERSION = YES;
				GCC_WARN_ABOUT_RETURN_TYPE = YES_ERROR;
				GCC_WARN_UNDECLARED_SELECTOR = YES;
				GCC_WARN_UNINITIALIZED_AUTOS = YES_AGGRESSIVE;
				GCC_WARN_UNUSED_FUNCTION = YES;
				GCC_WARN_UNUSED_VARIABLE = YES;
				IPHONEOS_DEPLOYMENT_TARGET = 12.2;
				MTL_ENABLE_DEBUG_INFO = INCLUDE_SOURCE;
				MTL_FAST_MATH = YES;
				ONLY_ACTIVE_ARCH = YES;
				SDKROOT = iphoneos;
				SWIFT_ACTIVE_COMPILATION_CONDITIONS = DEBUG;
				SWIFT_OPTIMIZATION_LEVEL = "-Onone";
			};
			name = Debug;
		};
		D14BF91822BEC28D00E214FD /* Release */ = {
			isa = XCBuildConfiguration;
			buildSettings = {
				ALWAYS_SEARCH_USER_PATHS = NO;
				CLANG_ANALYZER_NONNULL = YES;
				CLANG_ANALYZER_NUMBER_OBJECT_CONVERSION = YES_AGGRESSIVE;
				CLANG_CXX_LANGUAGE_STANDARD = "gnu++14";
				CLANG_CXX_LIBRARY = "libc++";
				CLANG_ENABLE_MODULES = YES;
				CLANG_ENABLE_OBJC_ARC = YES;
				CLANG_ENABLE_OBJC_WEAK = YES;
				CLANG_WARN_BLOCK_CAPTURE_AUTORELEASING = YES;
				CLANG_WARN_BOOL_CONVERSION = YES;
				CLANG_WARN_COMMA = YES;
				CLANG_WARN_CONSTANT_CONVERSION = YES;
				CLANG_WARN_DEPRECATED_OBJC_IMPLEMENTATIONS = YES;
				CLANG_WARN_DIRECT_OBJC_ISA_USAGE = YES_ERROR;
				CLANG_WARN_DOCUMENTATION_COMMENTS = YES;
				CLANG_WARN_EMPTY_BODY = YES;
				CLANG_WARN_ENUM_CONVERSION = YES;
				CLANG_WARN_INFINITE_RECURSION = YES;
				CLANG_WARN_INT_CONVERSION = YES;
				CLANG_WARN_NON_LITERAL_NULL_CONVERSION = YES;
				CLANG_WARN_OBJC_IMPLICIT_RETAIN_SELF = YES;
				CLANG_WARN_OBJC_LITERAL_CONVERSION = YES;
				CLANG_WARN_OBJC_ROOT_CLASS = YES_ERROR;
				CLANG_WARN_RANGE_LOOP_ANALYSIS = YES;
				CLANG_WARN_STRICT_PROTOTYPES = YES;
				CLANG_WARN_SUSPICIOUS_MOVE = YES;
				CLANG_WARN_UNGUARDED_AVAILABILITY = YES_AGGRESSIVE;
				CLANG_WARN_UNREACHABLE_CODE = YES;
				CLANG_WARN__DUPLICATE_METHOD_MATCH = YES;
				CODE_SIGN_IDENTITY = "iPhone Developer";
				COPY_PHASE_STRIP = NO;
				DEBUG_INFORMATION_FORMAT = "dwarf-with-dsym";
				ENABLE_NS_ASSERTIONS = NO;
				ENABLE_STRICT_OBJC_MSGSEND = YES;
				GCC_C_LANGUAGE_STANDARD = gnu11;
				GCC_NO_COMMON_BLOCKS = YES;
				GCC_WARN_64_TO_32_BIT_CONVERSION = YES;
				GCC_WARN_ABOUT_RETURN_TYPE = YES_ERROR;
				GCC_WARN_UNDECLARED_SELECTOR = YES;
				GCC_WARN_UNINITIALIZED_AUTOS = YES_AGGRESSIVE;
				GCC_WARN_UNUSED_FUNCTION = YES;
				GCC_WARN_UNUSED_VARIABLE = YES;
				IPHONEOS_DEPLOYMENT_TARGET = 12.2;
				MTL_ENABLE_DEBUG_INFO = NO;
				MTL_FAST_MATH = YES;
				SDKROOT = iphoneos;
				SWIFT_COMPILATION_MODE = wholemodule;
				SWIFT_OPTIMIZATION_LEVEL = "-O";
				VALIDATE_PRODUCT = YES;
			};
			name = Release;
		};
		D14BF91A22BEC28D00E214FD /* Debug */ = {
			isa = XCBuildConfiguration;
			buildSettings = {
				ASSETCATALOG_COMPILER_APPICON_NAME = AppIcon;
				CODE_SIGN_STYLE = Automatic;
				DEVELOPMENT_TEAM = H53U7V4YT9;
				FRAMEWORK_SEARCH_PATHS = (
					"$(inherited)",
					"$(PROJECT_DIR)/Carthage/Build/iOS",
				);
				INFOPLIST_FILE = TemplateApp/Info.plist;
				LD_RUNPATH_SEARCH_PATHS = (
					"$(inherited)",
					"@executable_path/Frameworks",
				);
				PRODUCT_BUNDLE_IDENTIFIER = com.dov.TemplateApp;
				PRODUCT_NAME = "$(TARGET_NAME)";
				SWIFT_VERSION = 5.0;
				TARGETED_DEVICE_FAMILY = "1,2";
			};
			name = Debug;
		};
		D14BF91B22BEC28D00E214FD /* Release */ = {
			isa = XCBuildConfiguration;
			buildSettings = {
				ASSETCATALOG_COMPILER_APPICON_NAME = AppIcon;
				CODE_SIGN_STYLE = Automatic;
				DEVELOPMENT_TEAM = H53U7V4YT9;
				FRAMEWORK_SEARCH_PATHS = (
					"$(inherited)",
					"$(PROJECT_DIR)/Carthage/Build/iOS",
				);
				INFOPLIST_FILE = TemplateApp/Info.plist;
				LD_RUNPATH_SEARCH_PATHS = (
					"$(inherited)",
					"@executable_path/Frameworks",
				);
				PRODUCT_BUNDLE_IDENTIFIER = com.dov.TemplateApp;
				PRODUCT_NAME = "$(TARGET_NAME)";
				SWIFT_VERSION = 5.0;
				TARGETED_DEVICE_FAMILY = "1,2";
			};
			name = Release;
		};
/* End XCBuildConfiguration section */

/* Begin XCConfigurationList section */
		D14BF8EC22BEC28A00E214FD /* Build configuration list for PBXProject "TemplateApp" */ = {
			isa = XCConfigurationList;
			buildConfigurations = (
				D14BF91722BEC28D00E214FD /* Debug */,
				D14BF91822BEC28D00E214FD /* Release */,
			);
			defaultConfigurationIsVisible = 0;
			defaultConfigurationName = Release;
		};
		D14BF91922BEC28D00E214FD /* Build configuration list for PBXNativeTarget "TemplateApp" */ = {
			isa = XCConfigurationList;
			buildConfigurations = (
				D14BF91A22BEC28D00E214FD /* Debug */,
				D14BF91B22BEC28D00E214FD /* Release */,
			);
			defaultConfigurationIsVisible = 0;
			defaultConfigurationName = Release;
		};
/* End XCConfigurationList section */
	};
	rootObject = D14BF8E922BEC28A00E214FD /* Project object */;
}
